// !$*UTF8*$!
{
	archiveVersion = 1;
	classes = {
	};
	objectVersion = 46;
	objects = {

/* Begin PBXBuildFile section */
		C48AEB961B7027F20004E98A /* AppDelegate.swift in Sources */ = {isa = PBXBuildFile; fileRef = C48AEB951B7027F20004E98A /* AppDelegate.swift */; };
		C48AEB981B7027F20004E98A /* ViewController.swift in Sources */ = {isa = PBXBuildFile; fileRef = C48AEB971B7027F20004E98A /* ViewController.swift */; };
		C48AEB9B1B7027F20004E98A /* Main.storyboard in Resources */ = {isa = PBXBuildFile; fileRef = C48AEB991B7027F20004E98A /* Main.storyboard */; };
		C48AEB9D1B7027F20004E98A /* Images.xcassets in Resources */ = {isa = PBXBuildFile; fileRef = C48AEB9C1B7027F20004E98A /* Images.xcassets */; };
		C48AEBA01B7027F20004E98A /* LaunchScreen.xib in Resources */ = {isa = PBXBuildFile; fileRef = C48AEB9E1B7027F20004E98A /* LaunchScreen.xib */; };
		C48AEBAC1B7027F20004E98A /* PostCardTests.swift in Sources */ = {isa = PBXBuildFile; fileRef = C48AEBAB1B7027F20004E98A /* PostCardTests.swift */; };
		C48AEBB61B702C230004E98A /* SagradaFamilia.jpeg in Resources */ = {isa = PBXBuildFile; fileRef = C48AEBB51B702C230004E98A /* SagradaFamilia.jpeg */; };
		C48AEBB81B706C830004E98A /* AlbertEinsteinStamp.jpg in Resources */ = {isa = PBXBuildFile; fileRef = C48AEBB71B706C830004E98A /* AlbertEinsteinStamp.jpg */; };
/* End PBXBuildFile section */

/* Begin PBXContainerItemProxy section */
		C48AEBA61B7027F20004E98A /* PBXContainerItemProxy */ = {
			isa = PBXContainerItemProxy;
			containerPortal = C48AEB881B7027F20004E98A /* Project object */;
			proxyType = 1;
			remoteGlobalIDString = C48AEB8F1B7027F20004E98A;
			remoteInfo = PostCard;
		};
/* End PBXContainerItemProxy section */

/* Begin PBXFileReference section */
		C48AEB901B7027F20004E98A /* PostCard.app */ = {isa = PBXFileReference; explicitFileType = wrapper.application; includeInIndex = 0; path = PostCard.app; sourceTree = BUILT_PRODUCTS_DIR; };
		C48AEB941B7027F20004E98A /* Info.plist */ = {isa = PBXFileReference; lastKnownFileType = text.plist.xml; path = Info.plist; sourceTree = "<group>"; };
		C48AEB951B7027F20004E98A /* AppDelegate.swift */ = {isa = PBXFileReference; lastKnownFileType = sourcecode.swift; path = AppDelegate.swift; sourceTree = "<group>"; };
		C48AEB971B7027F20004E98A /* ViewController.swift */ = {isa = PBXFileReference; lastKnownFileType = sourcecode.swift; path = ViewController.swift; sourceTree = "<group>"; };
		C48AEB9A1B7027F20004E98A /* Base */ = {isa = PBXFileReference; lastKnownFileType = file.storyboard; name = Base; path = Base.lproj/Main.storyboard; sourceTree = "<group>"; };
		C48AEB9C1B7027F20004E98A /* Images.xcassets */ = {isa = PBXFileReference; lastKnownFileType = folder.assetcatalog; path = Images.xcassets; sourceTree = "<group>"; };
		C48AEB9F1B7027F20004E98A /* Base */ = {isa = PBXFileReference; lastKnownFileType = file.xib; name = Base; path = Base.lproj/LaunchScreen.xib; sourceTree = "<group>"; };
		C48AEBA51B7027F20004E98A /* PostCardTests.xctest */ = {isa = PBXFileReference; explicitFileType = wrapper.cfbundle; includeInIndex = 0; path = PostCardTests.xctest; sourceTree = BUILT_PRODUCTS_DIR; };
		C48AEBAA1B7027F20004E98A /* Info.plist */ = {isa = PBXFileReference; lastKnownFileType = text.plist.xml; path = Info.plist; sourceTree = "<group>"; };
		C48AEBAB1B7027F20004E98A /* PostCardTests.swift */ = {isa = PBXFileReference; lastKnownFileType = sourcecode.swift; path = PostCardTests.swift; sourceTree = "<group>"; };
		C48AEBB51B702C230004E98A /* SagradaFamilia.jpeg */ = {isa = PBXFileReference; lastKnownFileType = image.jpeg; path = SagradaFamilia.jpeg; sourceTree = "<group>"; };
		C48AEBB71B706C830004E98A /* AlbertEinsteinStamp.jpg */ = {isa = PBXFileReference; lastKnownFileType = image.jpeg; path = AlbertEinsteinStamp.jpg; sourceTree = "<group>"; };
/* End PBXFileReference section */

/* Begin PBXFrameworksBuildPhase section */
		C48AEB8D1B7027F20004E98A /* Frameworks */ = {
			isa = PBXFrameworksBuildPhase;
			buildActionMask = 2147483647;
			files = (
			);
			runOnlyForDeploymentPostprocessing = 0;
		};
		C48AEBA21B7027F20004E98A /* Frameworks */ = {
			isa = PBXFrameworksBuildPhase;
			buildActionMask = 2147483647;
			files = (
			);
			runOnlyForDeploymentPostprocessing = 0;
		};
/* End PBXFrameworksBuildPhase section */

/* Begin PBXGroup section */
		C48AEB871B7027F20004E98A = {
			isa = PBXGroup;
			children = (
				C48AEB921B7027F20004E98A /* PostCard */,
				C48AEBA81B7027F20004E98A /* PostCardTests */,
				C48AEB911B7027F20004E98A /* Products */,
			);
			sourceTree = "<group>";
		};
		C48AEB911B7027F20004E98A /* Products */ = {
			isa = PBXGroup;
			children = (
				C48AEB901B7027F20004E98A /* PostCard.app */,
				C48AEBA51B7027F20004E98A /* PostCardTests.xctest */,
			);
			name = Products;
			sourceTree = "<group>";
		};
		C48AEB921B7027F20004E98A /* PostCard */ = {
			isa = PBXGroup;
			children = (
				C48AEB951B7027F20004E98A /* AppDelegate.swift */,
				C48AEB971B7027F20004E98A /* ViewController.swift */,
				C48AEB991B7027F20004E98A /* Main.storyboard */,
				C48AEB9C1B7027F20004E98A /* Images.xcassets */,
				C48AEB9E1B7027F20004E98A /* LaunchScreen.xib */,
				C48AEB931B7027F20004E98A /* Supporting Files */,
			);
			path = PostCard;
			sourceTree = "<group>";
		};
		C48AEB931B7027F20004E98A /* Supporting Files */ = {
			isa = PBXGroup;
			children = (
				C48AEBB71B706C830004E98A /* AlbertEinsteinStamp.jpg */,
				C48AEBB51B702C230004E98A /* SagradaFamilia.jpeg */,
				C48AEB941B7027F20004E98A /* Info.plist */,
			);
			name = "Supporting Files";
			sourceTree = "<group>";
		};
		C48AEBA81B7027F20004E98A /* PostCardTests */ = {
			isa = PBXGroup;
			children = (
				C48AEBAB1B7027F20004E98A /* PostCardTests.swift */,
				C48AEBA91B7027F20004E98A /* Supporting Files */,
			);
			path = PostCardTests;
			sourceTree = "<group>";
		};
		C48AEBA91B7027F20004E98A /* Supporting Files */ = {
			isa = PBXGroup;
			children = (
				C48AEBAA1B7027F20004E98A /* Info.plist */,
			);
			name = "Supporting Files";
			sourceTree = "<group>";
		};
/* End PBXGroup section */

/* Begin PBXNativeTarget section */
		C48AEB8F1B7027F20004E98A /* PostCard */ = {
			isa = PBXNativeTarget;
			buildConfigurationList = C48AEBAF1B7027F20004E98A /* Build configuration list for PBXNativeTarget "PostCard" */;
			buildPhases = (
				C48AEB8C1B7027F20004E98A /* Sources */,
				C48AEB8D1B7027F20004E98A /* Frameworks */,
				C48AEB8E1B7027F20004E98A /* Resources */,
			);
			buildRules = (
			);
			dependencies = (
			);
			name = PostCard;
			productName = PostCard;
			productReference = C48AEB901B7027F20004E98A /* PostCard.app */;
			productType = "com.apple.product-type.application";
		};
		C48AEBA41B7027F20004E98A /* PostCardTests */ = {
			isa = PBXNativeTarget;
			buildConfigurationList = C48AEBB21B7027F20004E98A /* Build configuration list for PBXNativeTarget "PostCardTests" */;
			buildPhases = (
				C48AEBA11B7027F20004E98A /* Sources */,
				C48AEBA21B7027F20004E98A /* Frameworks */,
				C48AEBA31B7027F20004E98A /* Resources */,
			);
			buildRules = (
			);
			dependencies = (
				C48AEBA71B7027F20004E98A /* PBXTargetDependency */,
			);
			name = PostCardTests;
			productName = PostCardTests;
			productReference = C48AEBA51B7027F20004E98A /* PostCardTests.xctest */;
			productType = "com.apple.product-type.bundle.unit-test";
		};
/* End PBXNativeTarget section */

/* Begin PBXProject section */
		C48AEB881B7027F20004E98A /* Project object */ = {
			isa = PBXProject;
			attributes = {
				LastUpgradeCheck = 0640;
				ORGANIZATIONNAME = "Mason Marshall";
				TargetAttributes = {
					C48AEB8F1B7027F20004E98A = {
						CreatedOnToolsVersion = 6.4;
					};
					C48AEBA41B7027F20004E98A = {
						CreatedOnToolsVersion = 6.4;
						TestTargetID = C48AEB8F1B7027F20004E98A;
					};
				};
			};
			buildConfigurationList = C48AEB8B1B7027F20004E98A /* Build configuration list for PBXProject "PostCard" */;
			compatibilityVersion = "Xcode 3.2";
			developmentRegion = English;
			hasScannedForEncodings = 0;
			knownRegions = (
				en,
				Base,
			);
			mainGroup = C48AEB871B7027F20004E98A;
			productRefGroup = C48AEB911B7027F20004E98A /* Products */;
			projectDirPath = "";
			projectRoot = "";
			targets = (
				C48AEB8F1B7027F20004E98A /* PostCard */,
				C48AEBA41B7027F20004E98A /* PostCardTests */,
			);
		};
/* End PBXProject section */

/* Begin PBXResourcesBuildPhase section */
		C48AEB8E1B7027F20004E98A /* Resources */ = {
			isa = PBXResourcesBuildPhase;
			buildActionMask = 2147483647;
			files = (
				C48AEB9B1B7027F20004E98A /* Main.storyboard in Resources */,
				C48AEBB61B702C230004E98A /* SagradaFamilia.jpeg in Resources */,
				C48AEBB81B706C830004E98A /* AlbertEinsteinStamp.jpg in Resources */,
				C48AEBA01B7027F20004E98A /* LaunchScreen.xib in Resources */,
				C48AEB9D1B7027F20004E98A /* Images.xcassets in Resources */,
			);
			runOnlyForDeploymentPostprocessing = 0;
		};
		C48AEBA31B7027F20004E98A /* Resources */ = {
			isa = PBXResourcesBuildPhase;
			buildActionMask = 2147483647;
			files = (
			);
			runOnlyForDeploymentPostprocessing = 0;
		};
/* End PBXResourcesBuildPhase section */

/* Begin PBXSourcesBuildPhase section */
		C48AEB8C1B7027F20004E98A /* Sources */ = {
			isa = PBXSourcesBuildPhase;
			buildActionMask = 2147483647;
			files = (
				C48AEB981B7027F20004E98A /* ViewController.swift in Sources */,
				C48AEB961B7027F20004E98A /* AppDelegate.swift in Sources */,
			);
			runOnlyForDeploymentPostprocessing = 0;
		};
		C48AEBA11B7027F20004E98A /* Sources */ = {
			isa = PBXSourcesBuildPhase;
			buildActionMask = 2147483647;
			files = (
				C48AEBAC1B7027F20004E98A /* PostCardTests.swift in Sources */,
			);
			runOnlyForDeploymentPostprocessing = 0;
		};
/* End PBXSourcesBuildPhase section */

/* Begin PBXTargetDependency section */
		C48AEBA71B7027F20004E98A /* PBXTargetDependency */ = {
			isa = PBXTargetDependency;
			target = C48AEB8F1B7027F20004E98A /* PostCard */;
			targetProxy = C48AEBA61B7027F20004E98A /* PBXContainerItemProxy */;
		};
/* End PBXTargetDependency section */

/* Begin PBXVariantGroup section */
		C48AEB991B7027F20004E98A /* Main.storyboard */ = {
			isa = PBXVariantGroup;
			children = (
				C48AEB9A1B7027F20004E98A /* Base */,
			);
			name = Main.storyboard;
			sourceTree = "<group>";
		};
		C48AEB9E1B7027F20004E98A /* LaunchScreen.xib */ = {
			isa = PBXVariantGroup;
			children = (
				C48AEB9F1B7027F20004E98A /* Base */,
			);
			name = LaunchScreen.xib;
			sourceTree = "<group>";
		};
/* End PBXVariantGroup section */

/* Begin XCBuildConfiguration section */
		C48AEBAD1B7027F20004E98A /* Debug */ = {
			isa = XCBuildConfiguration;
			buildSettings = {
				ALWAYS_SEARCH_USER_PATHS = NO;
				CLANG_CXX_LANGUAGE_STANDARD = "gnu++0x";
				CLANG_CXX_LIBRARY = "libc++";
				CLANG_ENABLE_MODULES = YES;
				CLANG_ENABLE_OBJC_ARC = YES;
				CLANG_WARN_BOOL_CONVERSION = YES;
				CLANG_WARN_CONSTANT_CONVERSION = YES;
				CLANG_WARN_DIRECT_OBJC_ISA_USAGE = YES_ERROR;
				CLANG_WARN_EMPTY_BODY = YES;
				CLANG_WARN_ENUM_CONVERSION = YES;
				CLANG_WARN_INT_CONVERSION = YES;
				CLANG_WARN_OBJC_ROOT_CLASS = YES_ERROR;
				CLANG_WARN_UNREACHABLE_CODE = YES;
				CLANG_WARN__DUPLICATE_METHOD_MATCH = YES;
				"CODE_SIGN_IDENTITY[sdk=iphoneos*]" = "iPhone Developer";
				COPY_PHASE_STRIP = NO;
				DEBUG_INFORMATION_FORMAT = "dwarf-with-dsym";
				ENABLE_STRICT_OBJC_MSGSEND = YES;
				GCC_C_LANGUAGE_STANDARD = gnu99;
				GCC_DYNAMIC_NO_PIC = NO;
				GCC_NO_COMMON_BLOCKS = YES;
				GCC_OPTIMIZATION_LEVEL = 0;
				GCC_PREPROCESSOR_DEFINITIONS = (
					"DEBUG=1",
					"$(inherited)",
				);
				GCC_SYMBOLS_PRIVATE_EXTERN = NO;
				GCC_WARN_64_TO_32_BIT_CONVERSION = YES;
				GCC_WARN_ABOUT_RETURN_TYPE = YES_ERROR;
				GCC_WARN_UNDECLARED_SELECTOR = YES;
				GCC_WARN_UNINITIALIZED_AUTOS = YES_AGGRESSIVE;
				GCC_WARN_UNUSED_FUNCTION = YES;
				GCC_WARN_UNUSED_VARIABLE = YES;
				IPHONEOS_DEPLOYMENT_TARGET = 8.4;
				MTL_ENABLE_DEBUG_INFO = YES;
				ONLY_ACTIVE_ARCH = YES;
				SDKROOT = iphoneos;
				SWIFT_OPTIMIZATION_LEVEL = "-Onone";
				TARGETED_DEVICE_FAMILY = "1,2";
			};
			name = Debug;
		};
		C48AEBAE1B7027F20004E98A /* Release */ = {
			isa = XCBuildConfiguration;
			buildSettings = {
				ALWAYS_SEARCH_USER_PATHS = NO;
				CLANG_CXX_LANGUAGE_STANDARD = "gnu++0x";
				CLANG_CXX_LIBRARY = "libc++";
				CLANG_ENABLE_MODULES = YES;
				CLANG_ENABLE_OBJC_ARC = YES;
				CLANG_WARN_BOOL_CONVERSION = YES;
				CLANG_WARN_CONSTANT_CONVERSION = YES;
				CLANG_WARN_DIRECT_OBJC_ISA_USAGE = YES_ERROR;
				CLANG_WARN_EMPTY_BODY = YES;
				CLANG_WARN_ENUM_CONVERSION = YES;
				CLANG_WARN_INT_CONVERSION = YES;
				CLANG_WARN_OBJC_ROOT_CLASS = YES_ERROR;
				CLANG_WARN_UNREACHABLE_CODE = YES;
				CLANG_WARN__DUPLICATE_METHOD_MATCH = YES;
				"CODE_SIGN_IDENTITY[sdk=iphoneos*]" = "iPhone Developer";
				COPY_PHASE_STRIP = NO;
				DEBUG_INFORMATION_FORMAT = "dwarf-with-dsym";
				ENABLE_NS_ASSERTIONS = NO;
				ENABLE_STRICT_OBJC_MSGSEND = YES;
				GCC_C_LANGUAGE_STANDARD = gnu99;
				GCC_NO_COMMON_BLOCKS = YES;
				GCC_WARN_64_TO_32_BIT_CONVERSION = YES;
				GCC_WARN_ABOUT_RETURN_TYPE = YES_ERROR;
				GCC_WARN_UNDECLARED_SELECTOR = YES;
				GCC_WARN_UNINITIALIZED_AUTOS = YES_AGGRESSIVE;
				GCC_WARN_UNUSED_FUNCTION = YES;
				GCC_WARN_UNUSED_VARIABLE = YES;
				IPHONEOS_DEPLOYMENT_TARGET = 8.4;
				MTL_ENABLE_DEBUG_INFO = NO;
				SDKROOT = iphoneos;
				TARGETED_DEVICE_FAMILY = "1,2";
				VALIDATE_PRODUCT = YES;
			};
			name = Release;
		};
		C48AEBB01B7027F20004E98A /* Debug */ = {
			isa = XCBuildConfiguration;
			buildSettings = {
				ASSETCATALOG_COMPILER_APPICON_NAME = AppIcon;
				INFOPLIST_FILE = PostCard/Info.plist;
				LD_RUNPATH_SEARCH_PATHS = "$(inherited) @executable_path/Frameworks";
				PRODUCT_NAME = "$(TARGET_NAME)";
			};
			name = Debug;
		};
		C48AEBB11B7027F20004E98A /* Release */ = {
			isa = XCBuildConfiguration;
			buildSettings = {
				ASSETCATALOG_COMPILER_APPICON_NAME = AppIcon;
				INFOPLIST_FILE = PostCard/Info.plist;
				LD_RUNPATH_SEARCH_PATHS = "$(inherited) @executable_path/Frameworks";
				PRODUCT_NAME = "$(TARGET_NAME)";
			};
			name = Release;
		};
		C48AEBB31B7027F20004E98A /* Debug */ = {
			isa = XCBuildConfiguration;
			buildSettings = {
				BUNDLE_LOADER = "$(TEST_HOST)";
				FRAMEWORK_SEARCH_PATHS = (
					"$(SDKROOT)/Developer/Library/Frameworks",
					"$(inherited)",
				);
				GCC_PREPROCESSOR_DEFINITIONS = (
					"DEBUG=1",
					"$(inherited)",
				);
				INFOPLIST_FILE = PostCardTests/Info.plist;
				LD_RUNPATH_SEARCH_PATHS = "$(inherited) @executable_path/Frameworks @loader_path/Frameworks";
				PRODUCT_NAME = "$(TARGET_NAME)";
				TEST_HOST = "$(BUILT_PRODUCTS_DIR)/PostCard.app/PostCard";
			};
			name = Debug;
		};
		C48AEBB41B7027F20004E98A /* Release */ = {
			isa = XCBuildConfiguration;
			buildSettings = {
				BUNDLE_LOADER = "$(TEST_HOST)";
				FRAMEWORK_SEARCH_PATHS = (
					"$(SDKROOT)/Developer/Library/Frameworks",
					"$(inherited)",
				);
				INFOPLIST_FILE = PostCardTests/Info.plist;
				LD_RUNPATH_SEARCH_PATHS = "$(inherited) @executable_path/Frameworks @loader_path/Frameworks";
				PRODUCT_NAME = "$(TARGET_NAME)";
				TEST_HOST = "$(BUILT_PRODUCTS_DIR)/PostCard.app/PostCard";
			};
			name = Release;
		};
/* End XCBuildConfiguration section */

/* Begin XCConfigurationList section */
		C48AEB8B1B7027F20004E98A /* Build configuration list for PBXProject "PostCard" */ = {
			isa = XCConfigurationList;
			buildConfigurations = (
				C48AEBAD1B7027F20004E98A /* Debug */,
				C48AEBAE1B7027F20004E98A /* Release */,
			);
			defaultConfigurationIsVisible = 0;
			defaultConfigurationName = Release;
		};
		C48AEBAF1B7027F20004E98A /* Build configuration list for PBXNativeTarget "PostCard" */ = {
			isa = XCConfigurationList;
			buildConfigurations = (
				C48AEBB01B7027F20004E98A /* Debug */,
				C48AEBB11B7027F20004E98A /* Release */,
			);
			defaultConfigurationIsVisible = 0;
		};
		C48AEBB21B7027F20004E98A /* Build configuration list for PBXNativeTarget "PostCardTests" */ = {
			isa = XCConfigurationList;
			buildConfigurations = (
				C48AEBB31B7027F20004E98A /* Debug */,
				C48AEBB41B7027F20004E98A /* Release */,
			);
			defaultConfigurationIsVisible = 0;
		};
/* End XCConfigurationList section */
	};
	rootObject = C48AEB881B7027F20004E98A /* Project object */;
}
